
Microsoft Visual Studio Solution File, Format Version 12.00
# Visual Studio Version 16
VisualStudioVersion = 25.0.1706.4
MinimumVisualStudioVersion = 10.0.40219.1
Project("{FAE04EC0-301F-11D3-BF4B-00C04F79EFBC}") = "FABPoc.Android", "FABPoc\FABPoc.Android\FABPoc.Android.csproj", "{1AA05E17-5F11-40EC-9267-0AD26A015D07}"
EndProject
Project("{FAE04EC0-301F-11D3-BF4B-00C04F79EFBC}") = "FABPoc.iOS", "FABPoc\FABPoc.iOS\FABPoc.iOS.csproj", "{8BF105E8-25C4-4126-83AD-886CD101D9E1}"
EndProject
Project("{FAE04EC0-301F-11D3-BF4B-00C04F79EFBC}") = "FABPoc", "FABPoc\FABPoc\FABPoc.csproj", "{63B895FF-1B84-4FFF-890F-D95F030BA0BB}"
EndProject
Global
	GlobalSection(SolutionConfigurationPlatforms) = preSolution
		Debug|Any CPU = Debug|Any CPU
		Release|Any CPU = Release|Any CPU
		Debug|iPhoneSimulator = Debug|iPhoneSimulator
		Release|iPhoneSimulator = Release|iPhoneSimulator
		Debug|iPhone = Debug|iPhone
		Release|iPhone = Release|iPhone
	EndGlobalSection
	GlobalSection(ProjectConfigurationPlatforms) = postSolution
		{1AA05E17-5F11-40EC-9267-0AD26A015D07}.Debug|Any CPU.ActiveCfg = Debug|Any CPU
		{1AA05E17-5F11-40EC-9267-0AD26A015D07}.Debug|Any CPU.Build.0 = Debug|Any CPU
		{1AA05E17-5F11-40EC-9267-0AD26A015D07}.Release|Any CPU.ActiveCfg = Release|Any CPU
		{1AA05E17-5F11-40EC-9267-0AD26A015D07}.Release|Any CPU.Build.0 = Release|Any CPU
		{1AA05E17-5F11-40EC-9267-0AD26A015D07}.Debug|iPhoneSimulator.ActiveCfg = Debug|Any CPU
		{1AA05E17-5F11-40EC-9267-0AD26A015D07}.Debug|iPhoneSimulator.Build.0 = Debug|Any CPU
		{1AA05E17-5F11-40EC-9267-0AD26A015D07}.Release|iPhoneSimulator.ActiveCfg = Release|Any CPU
		{1AA05E17-5F11-40EC-9267-0AD26A015D07}.Release|iPhoneSimulator.Build.0 = Release|Any CPU
		{1AA05E17-5F11-40EC-9267-0AD26A015D07}.Debug|iPhone.ActiveCfg = Debug|Any CPU
		{1AA05E17-5F11-40EC-9267-0AD26A015D07}.Debug|iPhone.Build.0 = Debug|Any CPU
		{1AA05E17-5F11-40EC-9267-0AD26A015D07}.Release|iPhone.ActiveCfg = Release|Any CPU
		{1AA05E17-5F11-40EC-9267-0AD26A015D07}.Release|iPhone.Build.0 = Release|Any CPU
		{8BF105E8-25C4-4126-83AD-886CD101D9E1}.Debug|Any CPU.ActiveCfg = Debug|iPhoneSimulator
		{8BF105E8-25C4-4126-83AD-886CD101D9E1}.Debug|Any CPU.Build.0 = Debug|iPhoneSimulator
		{8BF105E8-25C4-4126-83AD-886CD101D9E1}.Release|Any CPU.ActiveCfg = Release|iPhoneSimulator
		{8BF105E8-25C4-4126-83AD-886CD101D9E1}.Release|Any CPU.Build.0 = Release|iPhoneSimulator
		{8BF105E8-25C4-4126-83AD-886CD101D9E1}.Debug|iPhoneSimulator.ActiveCfg = Debug|iPhoneSimulator
		{8BF105E8-25C4-4126-83AD-886CD101D9E1}.Debug|iPhoneSimulator.Build.0 = Debug|iPhoneSimulator
		{8BF105E8-25C4-4126-83AD-886CD101D9E1}.Release|iPhoneSimulator.ActiveCfg = Release|iPhoneSimulator
		{8BF105E8-25C4-4126-83AD-886CD101D9E1}.Release|iPhoneSimulator.Build.0 = Release|iPhoneSimulator
		{8BF105E8-25C4-4126-83AD-886CD101D9E1}.Debug|iPhone.ActiveCfg = Debug|iPhone
		{8BF105E8-25C4-4126-83AD-886CD101D9E1}.Debug|iPhone.Build.0 = Debug|iPhone
		{8BF105E8-25C4-4126-83AD-886CD101D9E1}.Release|iPhone.ActiveCfg = Release|iPhone
		{8BF105E8-25C4-4126-83AD-886CD101D9E1}.Release|iPhone.Build.0 = Release|iPhone
		{63B895FF-1B84-4FFF-890F-D95F030BA0BB}.Debug|Any CPU.ActiveCfg = Debug|Any CPU
		{63B895FF-1B84-4FFF-890F-D95F030BA0BB}.Debug|Any CPU.Build.0 = Debug|Any CPU
		{63B895FF-1B84-4FFF-890F-D95F030BA0BB}.Release|Any CPU.ActiveCfg = Release|Any CPU
		{63B895FF-1B84-4FFF-890F-D95F030BA0BB}.Release|Any CPU.Build.0 = Release|Any CPU
		{63B895FF-1B84-4FFF-890F-D95F030BA0BB}.Debug|iPhoneSimulator.ActiveCfg = Debug|Any CPU
		{63B895FF-1B84-4FFF-890F-D95F030BA0BB}.Debug|iPhoneSimulator.Build.0 = Debug|Any CPU
		{63B895FF-1B84-4FFF-890F-D95F030BA0BB}.Release|iPhoneSimulator.ActiveCfg = Release|Any CPU
		{63B895FF-1B84-4FFF-890F-D95F030BA0BB}.Release|iPhoneSimulator.Build.0 = Release|Any CPU
		{63B895FF-1B84-4FFF-890F-D95F030BA0BB}.Debug|iPhone.ActiveCfg = Debug|Any CPU
		{63B895FF-1B84-4FFF-890F-D95F030BA0BB}.Debug|iPhone.Build.0 = Debug|Any CPU
		{63B895FF-1B84-4FFF-890F-D95F030BA0BB}.Release|iPhone.ActiveCfg = Release|Any CPU
		{63B895FF-1B84-4FFF-890F-D95F030BA0BB}.Release|iPhone.Build.0 = Release|Any CPU
	EndGlobalSection
	GlobalSection(SolutionProperties) = preSolution
		HideSolutionNode = FALSE
	EndGlobalSection
	GlobalSection(ExtensibilityGlobals) = postSolution
		SolutionGuid = {BDDE08BF-666A-42AD-9E36-A74EBDFBA23D}
	EndGlobalSection
EndGlobal
